
Microsoft Visual Studio Solution File, Format Version 12.00
# Visual Studio Version 17
Project("{2150E333-8FDC-42A3-9474-1A3956D46DE8}") = "CMake predefined targets", "CMake predefined targets", "{B420FF54-7880-372F-B1A8-47ADD098A3F9}"
EndProject
Project("{2150E333-8FDC-42A3-9474-1A3956D46DE8}") = "CTestDashboardTargets", "CTestDashboardTargets", "{F229495C-632A-3E1C-AE6D-2C95432BCEA0}"
EndProject
Project("{2150E333-8FDC-42A3-9474-1A3956D46DE8}") = "GLFW3", "GLFW3", "{B455595C-8CE5-3701-9425-85F793D95CEB}"
EndProject
Project("{2150E333-8FDC-42A3-9474-1A3956D46DE8}") = "Generated", "Generated", "{9F36CBD3-B33C-3706-A849-0909FAC542DE}"
EndProject
Project("{2150E333-8FDC-42A3-9474-1A3956D46DE8}") = "Helpers", "Helpers", "{27687627-D062-3AAD-AA41-239FED319154}"
EndProject
Project("{2150E333-8FDC-42A3-9474-1A3956D46DE8}") = "Layers", "Layers", "{493CF8A8-54AE-3743-A569-910600164192}"
EndProject
Project("{2150E333-8FDC-42A3-9474-1A3956D46DE8}") = "Loader", "Loader", "{D0567514-5856-365D-A3C2-7BD76F94F80A}"
EndProject
Project("{2150E333-8FDC-42A3-9474-1A3956D46DE8}") = "Loader Tests", "Loader Tests", "{0ECDA6B4-28D4-3341-8C77-CA4CCFAB5786}"
EndProject
Project("{2150E333-8FDC-42A3-9474-1A3956D46DE8}") = "Samples", "Samples", "{CF3EEE4D-01EA-3853-8785-D1580A1D2DDD}"
EndProject
Project("{2150E333-8FDC-42A3-9474-1A3956D46DE8}") = "Tests", "Tests", "{04CBE0E4-E9AD-38F3-A0B0-15C5BD0BBCBD}"
EndProject
Project("{8BC9CEB8-8B4A-11D0-8D11-00A0C91BC942}") = "ALL_BUILD", "ALL_BUILD.vcxproj", "{CBA02BC1-D8E6-3CDF-9D46-1A14BDB7134C}"
	ProjectSection(ProjectDependencies) = postProject
		{D87E7628-55B3-3B77-8BAA-229806EA2919} = {D87E7628-55B3-3B77-8BAA-229806EA2919}
		{B6C59DDF-9CFD-3F2A-936E-50D669DA39CC} = {B6C59DDF-9CFD-3F2A-936E-50D669DA39CC}
		{B084AFA4-C096-3E12-94A7-4F48BBE3D876} = {B084AFA4-C096-3E12-94A7-4F48BBE3D876}
		{495880BA-A661-3835-A17C-066F3818200F} = {495880BA-A661-3835-A17C-066F3818200F}
		{7B77F733-8E96-3AEA-B076-4545BA341657} = {7B77F733-8E96-3AEA-B076-4545BA341657}
		{955CE0DA-0603-3B0A-9A1A-732B2E8E79D0} = {955CE0DA-0603-3B0A-9A1A-732B2E8E79D0}
		{34708468-EC49-3FEF-8093-3484EC99AA2F} = {34708468-EC49-3FEF-8093-3484EC99AA2F}
		{D9EEC321-D1F1-3171-941F-5E89671B8036} = {D9EEC321-D1F1-3171-941F-5E89671B8036}
		{4A877335-3D80-330F-8A84-DEB173AF615D} = {4A877335-3D80-330F-8A84-DEB173AF615D}
		{36771F91-6CF7-32A0-9DF2-9292093866F4} = {36771F91-6CF7-32A0-9DF2-9292093866F4}
		{D454F643-BB6F-39E5-ABF2-6A125182A750} = {D454F643-BB6F-39E5-ABF2-6A125182A750}
		{A9946436-42DC-3373-A8F9-D38003E1A12C} = {A9946436-42DC-3373-A8F9-D38003E1A12C}
		{90BE954B-DD49-3C08-86CD-E9ED172EE2CE} = {90BE954B-DD49-3C08-86CD-E9ED172EE2CE}
		{C4150E08-7897-335F-B28D-AAFEAFCB5C9C} = {C4150E08-7897-335F-B28D-AAFEAFCB5C9C}
		{1E59FB8F-A035-32BD-826F-BFD03D0A8D9E} = {1E59FB8F-A035-32BD-826F-BFD03D0A8D9E}
		{74F52C92-1D97-39FD-A9FF-CECBDFD4AE22} = {74F52C92-1D97-39FD-A9FF-CECBDFD4AE22}
		{8E38FC41-272F-3868-B652-222F46FFAEE1} = {8E38FC41-272F-3868-B652-222F46FFAEE1}
		{FB024470-3E16-3A20-A79E-063F380371CF} = {FB024470-3E16-3A20-A79E-063F380371CF}
		{6586E60D-4F1A-35FF-8E32-D08F0AB30F7E} = {6586E60D-4F1A-35FF-8E32-D08F0AB30F7E}
		{21B536C4-09B6-3925-B289-7E75F32AEBE2} = {21B536C4-09B6-3925-B289-7E75F32AEBE2}
		{4B303281-C88B-3A32-BEC8-66271740CE2E} = {4B303281-C88B-3A32-BEC8-66271740CE2E}
		{F1E4FE2C-A9A4-3ABD-8442-66E2320591EA} = {F1E4FE2C-A9A4-3ABD-8442-66E2320591EA}
		{2104E152-9C24-3A79-AF4E-93530B671A00} = {2104E152-9C24-3A79-AF4E-93530B671A00}
		{E15CCB7D-55E8-32F6-A7EB-2BFD7D264772} = {E15CCB7D-55E8-32F6-A7EB-2BFD7D264772}
	EndProjectSection
EndProject
Project("{8BC9CEB8-8B4A-11D0-8D11-00A0C91BC942}") = "Continuous", "_deps\openxr-build\Continuous.vcxproj", "{2975B459-6A74-3C88-B564-1D708B554CE2}"
	ProjectSection(ProjectDependencies) = postProject
		{495880BA-A661-3835-A17C-066F3818200F} = {495880BA-A661-3835-A17C-066F3818200F}
	EndProjectSection
EndProject
Project("{8BC9CEB8-8B4A-11D0-8D11-00A0C91BC942}") = "Experimental", "_deps\openxr-build\Experimental.vcxproj", "{CCA4F305-AB46-3D76-88A1-8A00BF5397B0}"
	ProjectSection(ProjectDependencies) = postProject
		{495880BA-A661-3835-A17C-066F3818200F} = {495880BA-A661-3835-A17C-066F3818200F}
	EndProjectSection
EndProject
Project("{8BC9CEB8-8B4A-11D0-8D11-00A0C91BC942}") = "INSTALL", "INSTALL.vcxproj", "{FF87EA6A-5D11-39B7-B657-3A842E67C0DB}"
	ProjectSection(ProjectDependencies) = postProject
		{CBA02BC1-D8E6-3CDF-9D46-1A14BDB7134C} = {CBA02BC1-D8E6-3CDF-9D46-1A14BDB7134C}
		{495880BA-A661-3835-A17C-066F3818200F} = {495880BA-A661-3835-A17C-066F3818200F}
	EndProjectSection
EndProject
Project("{8BC9CEB8-8B4A-11D0-8D11-00A0C91BC942}") = "Nightly", "_deps\openxr-build\Nightly.vcxproj", "{7874F6AB-2D21-3258-B9C7-3992AEFBBB37}"
	ProjectSection(ProjectDependencies) = postProject
		{495880BA-A661-3835-A17C-066F3818200F} = {495880BA-A661-3835-A17C-066F3818200F}
	EndProjectSection
EndProject
Project("{8BC9CEB8-8B4A-11D0-8D11-00A0C91BC942}") = "NightlyMemoryCheck", "_deps\openxr-build\NightlyMemoryCheck.vcxproj", "{55FCDB65-B2AE-3048-B996-0BFC0B851310}"
	ProjectSection(ProjectDependencies) = postProject
		{495880BA-A661-3835-A17C-066F3818200F} = {495880BA-A661-3835-A17C-066F3818200F}
	EndProjectSection
EndProject
Project("{8BC9CEB8-8B4A-11D0-8D11-00A0C91BC942}") = "XrApiLayer_api_dump", "_deps\openxr-build\src\api_layers\XrApiLayer_api_dump.vcxproj", "{D87E7628-55B3-3B77-8BAA-229806EA2919}"
	ProjectSection(ProjectDependencies) = postProject
		{495880BA-A661-3835-A17C-066F3818200F} = {495880BA-A661-3835-A17C-066F3818200F}
		{CBE47B39-9A1B-3DE3-9C60-05DAF170430D} = {CBE47B39-9A1B-3DE3-9C60-05DAF170430D}
		{85E78C7C-A644-35F6-BEBA-EFC7D89C4736} = {85E78C7C-A644-35F6-BEBA-EFC7D89C4736}
	EndProjectSection
EndProject
Project("{8BC9CEB8-8B4A-11D0-8D11-00A0C91BC942}") = "XrApiLayer_core_validation", "_deps\openxr-build\src\api_layers\XrApiLayer_core_validation.vcxproj", "{B6C59DDF-9CFD-3F2A-936E-50D669DA39CC}"
	ProjectSection(ProjectDependencies) = postProject
		{495880BA-A661-3835-A17C-066F3818200F} = {495880BA-A661-3835-A17C-066F3818200F}
		{CBE47B39-9A1B-3DE3-9C60-05DAF170430D} = {CBE47B39-9A1B-3DE3-9C60-05DAF170430D}
		{85E78C7C-A644-35F6-BEBA-EFC7D89C4736} = {85E78C7C-A644-35F6-BEBA-EFC7D89C4736}
	EndProjectSection
EndProject
Project("{8BC9CEB8-8B4A-11D0-8D11-00A0C91BC942}") = "XrApiLayer_test", "_deps\openxr-build\src\tests\loader_test\test_layers\XrApiLayer_test.vcxproj", "{B084AFA4-C096-3E12-94A7-4F48BBE3D876}"
	ProjectSection(ProjectDependencies) = postProject
		{495880BA-A661-3835-A17C-066F3818200F} = {495880BA-A661-3835-A17C-066F3818200F}
		{CBE47B39-9A1B-3DE3-9C60-05DAF170430D} = {CBE47B39-9A1B-3DE3-9C60-05DAF170430D}
		{005DB794-C217-3303-8175-49C237248E09} = {005DB794-C217-3303-8175-49C237248E09}
	EndProjectSection
EndProject
Project("{8BC9CEB8-8B4A-11D0-8D11-00A0C91BC942}") = "ZERO_CHECK", "ZERO_CHECK.vcxproj", "{495880BA-A661-3835-A17C-066F3818200F}"
	ProjectSection(ProjectDependencies) = postProject
	EndProjectSection
EndProject
Project("{8BC9CEB8-8B4A-11D0-8D11-00A0C91BC942}") = "_shdr_rendercommon_noise_files_h", "ovr\_shdr_rendercommon_noise_files_h.vcxproj", "{51747BC6-6F36-3DDD-B898-3A8C337956B5}"
	ProjectSection(ProjectDependencies) = postProject
		{495880BA-A661-3835-A17C-066F3818200F} = {495880BA-A661-3835-A17C-066F3818200F}
		{AC864D1D-578B-3488-9302-F9CEFF3384F7} = {AC864D1D-578B-3488-9302-F9CEFF3384F7}
	EndProjectSection
EndProject
Project("{8BC9CEB8-8B4A-11D0-8D11-00A0C91BC942}") = "bin2c", "extern\bin2c\bin2c.vcxproj", "{AC864D1D-578B-3488-9302-F9CEFF3384F7}"
	ProjectSection(ProjectDependencies) = postProject
		{495880BA-A661-3835-A17C-066F3818200F} = {495880BA-A661-3835-A17C-066F3818200F}
	EndProjectSection
EndProject
Project("{8BC9CEB8-8B4A-11D0-8D11-00A0C91BC942}") = "device_optix7", "ovr\devices\optix7\device_optix7.vcxproj", "{7B77F733-8E96-3AEA-B076-4545BA341657}"
	ProjectSection(ProjectDependencies) = postProject
		{495880BA-A661-3835-A17C-066F3818200F} = {495880BA-A661-3835-A17C-066F3818200F}
		{DD5ED464-8F09-3787-B00B-88878B63F333} = {DD5ED464-8F09-3787-B00B-88878B63F333}
		{955CE0DA-0603-3B0A-9A1A-732B2E8E79D0} = {955CE0DA-0603-3B0A-9A1A-732B2E8E79D0}
		{D9EEC321-D1F1-3171-941F-5E89671B8036} = {D9EEC321-D1F1-3171-941F-5E89671B8036}
		{CBD13A0F-DFE1-3396-AD49-B18FCFC9B70A} = {CBD13A0F-DFE1-3396-AD49-B18FCFC9B70A}
		{FB024470-3E16-3A20-A79E-063F380371CF} = {FB024470-3E16-3A20-A79E-063F380371CF}
		{2104E152-9C24-3A79-AF4E-93530B671A00} = {2104E152-9C24-3A79-AF4E-93530B671A00}
	EndProjectSection
EndProject
Project("{8BC9CEB8-8B4A-11D0-8D11-00A0C91BC942}") = "gdt", "extern\gdt\gdt.vcxproj", "{DD5ED464-8F09-3787-B00B-88878B63F333}"
	ProjectSection(ProjectDependencies) = postProject
		{495880BA-A661-3835-A17C-066F3818200F} = {495880BA-A661-3835-A17C-066F3818200F}
	EndProjectSection
EndProject
Project("{8BC9CEB8-8B4A-11D0-8D11-00A0C91BC942}") = "generate_openxr_header", "_deps\openxr-build\include\openxr\generate_openxr_header.vcxproj", "{CBE47B39-9A1B-3DE3-9C60-05DAF170430D}"
	ProjectSection(ProjectDependencies) = postProject
		{495880BA-A661-3835-A17C-066F3818200F} = {495880BA-A661-3835-A17C-066F3818200F}
	EndProjectSection
EndProject
Project("{8BC9CEB8-8B4A-11D0-8D11-00A0C91BC942}") = "glad", "glad\build\glad.vcxproj", "{955CE0DA-0603-3B0A-9A1A-732B2E8E79D0}"
	ProjectSection(ProjectDependencies) = postProject
		{495880BA-A661-3835-A17C-066F3818200F} = {495880BA-A661-3835-A17C-066F3818200F}
	EndProjectSection
EndProject
Project("{8BC9CEB8-8B4A-11D0-8D11-00A0C91BC942}") = "glapi", "projects\ovr-stereo\lib\glapi\glapi.vcxproj", "{34708468-EC49-3FEF-8093-3484EC99AA2F}"
	ProjectSection(ProjectDependencies) = postProject
		{495880BA-A661-3835-A17C-066F3818200F} = {495880BA-A661-3835-A17C-066F3818200F}
		{CBE47B39-9A1B-3DE3-9C60-05DAF170430D} = {CBE47B39-9A1B-3DE3-9C60-05DAF170430D}
		{D454F643-BB6F-39E5-ABF2-6A125182A750} = {D454F643-BB6F-39E5-ABF2-6A125182A750}
		{90BE954B-DD49-3C08-86CD-E9ED172EE2CE} = {90BE954B-DD49-3C08-86CD-E9ED172EE2CE}
	EndProjectSection
EndProject
Project("{8BC9CEB8-8B4A-11D0-8D11-00A0C91BC942}") = "glfw", "glfw\build\src\glfw.vcxproj", "{D9EEC321-D1F1-3171-941F-5E89671B8036}"
	ProjectSection(ProjectDependencies) = postProject
		{495880BA-A661-3835-A17C-066F3818200F} = {495880BA-A661-3835-A17C-066F3818200F}
	EndProjectSection
EndProject
Project("{8BC9CEB8-8B4A-11D0-8D11-00A0C91BC942}") = "glfwApp", "extern\glfwapp\glfwApp.vcxproj", "{26B67D14-4D90-35E8-91E5-B732A1C3CC14}"
	ProjectSection(ProjectDependencies) = postProject
		{495880BA-A661-3835-A17C-066F3818200F} = {495880BA-A661-3835-A17C-066F3818200F}
		{DD5ED464-8F09-3787-B00B-88878B63F333} = {DD5ED464-8F09-3787-B00B-88878B63F333}
		{955CE0DA-0603-3B0A-9A1A-732B2E8E79D0} = {955CE0DA-0603-3B0A-9A1A-732B2E8E79D0}
		{D9EEC321-D1F1-3171-941F-5E89671B8036} = {D9EEC321-D1F1-3171-941F-5E89671B8036}
		{CBD13A0F-DFE1-3396-AD49-B18FCFC9B70A} = {CBD13A0F-DFE1-3396-AD49-B18FCFC9B70A}
	EndProjectSection
EndProject
Project("{8BC9CEB8-8B4A-11D0-8D11-00A0C91BC942}") = "hello_xr", "_deps\openxr-build\src\tests\hello_xr\hello_xr.vcxproj", "{4A877335-3D80-330F-8A84-DEB173AF615D}"
	ProjectSection(ProjectDependencies) = postProject
		{495880BA-A661-3835-A17C-066F3818200F} = {495880BA-A661-3835-A17C-066F3818200F}
		{CBE47B39-9A1B-3DE3-9C60-05DAF170430D} = {CBE47B39-9A1B-3DE3-9C60-05DAF170430D}
		{D454F643-BB6F-39E5-ABF2-6A125182A750} = {D454F643-BB6F-39E5-ABF2-6A125182A750}
		{90BE954B-DD49-3C08-86CD-E9ED172EE2CE} = {90BE954B-DD49-3C08-86CD-E9ED172EE2CE}
		{4B303281-C88B-3A32-BEC8-66271740CE2E} = {4B303281-C88B-3A32-BEC8-66271740CE2E}
	EndProjectSection
EndProject
Project("{8BC9CEB8-8B4A-11D0-8D11-00A0C91BC942}") = "imgui", "extern\imgui\imgui.vcxproj", "{CBD13A0F-DFE1-3396-AD49-B18FCFC9B70A}"
	ProjectSection(ProjectDependencies) = postProject
		{495880BA-A661-3835-A17C-066F3818200F} = {495880BA-A661-3835-A17C-066F3818200F}
		{955CE0DA-0603-3B0A-9A1A-732B2E8E79D0} = {955CE0DA-0603-3B0A-9A1A-732B2E8E79D0}
		{D9EEC321-D1F1-3171-941F-5E89671B8036} = {D9EEC321-D1F1-3171-941F-5E89671B8036}
	EndProjectSection
EndProject
Project("{8BC9CEB8-8B4A-11D0-8D11-00A0C91BC942}") = "loader_test", "_deps\openxr-build\src\tests\loader_test\loader_test.vcxproj", "{36771F91-6CF7-32A0-9DF2-9292093866F4}"
	ProjectSection(ProjectDependencies) = postProject
		{D87E7628-55B3-3B77-8BAA-229806EA2919} = {D87E7628-55B3-3B77-8BAA-229806EA2919}
		{B084AFA4-C096-3E12-94A7-4F48BBE3D876} = {B084AFA4-C096-3E12-94A7-4F48BBE3D876}
		{495880BA-A661-3835-A17C-066F3818200F} = {495880BA-A661-3835-A17C-066F3818200F}
		{CBE47B39-9A1B-3DE3-9C60-05DAF170430D} = {CBE47B39-9A1B-3DE3-9C60-05DAF170430D}
		{D454F643-BB6F-39E5-ABF2-6A125182A750} = {D454F643-BB6F-39E5-ABF2-6A125182A750}
		{90BE954B-DD49-3C08-86CD-E9ED172EE2CE} = {90BE954B-DD49-3C08-86CD-E9ED172EE2CE}
		{F1E4FE2C-A9A4-3ABD-8442-66E2320591EA} = {F1E4FE2C-A9A4-3ABD-8442-66E2320591EA}
	EndProjectSection
EndProject
Project("{8BC9CEB8-8B4A-11D0-8D11-00A0C91BC942}") = "openxr-gfxwrapper", "_deps\openxr-build\src\openxr-gfxwrapper.vcxproj", "{D454F643-BB6F-39E5-ABF2-6A125182A750}"
	ProjectSection(ProjectDependencies) = postProject
		{495880BA-A661-3835-A17C-066F3818200F} = {495880BA-A661-3835-A17C-066F3818200F}
	EndProjectSection
EndProject
Project("{8BC9CEB8-8B4A-11D0-8D11-00A0C91BC942}") = "openxr_c_compile_test", "_deps\openxr-build\src\tests\c_compile_test\openxr_c_compile_test.vcxproj", "{A9946436-42DC-3373-A8F9-D38003E1A12C}"
	ProjectSection(ProjectDependencies) = postProject
		{495880BA-A661-3835-A17C-066F3818200F} = {495880BA-A661-3835-A17C-066F3818200F}
		{CBE47B39-9A1B-3DE3-9C60-05DAF170430D} = {CBE47B39-9A1B-3DE3-9C60-05DAF170430D}
		{90BE954B-DD49-3C08-86CD-E9ED172EE2CE} = {90BE954B-DD49-3C08-86CD-E9ED172EE2CE}
	EndProjectSection
EndProject
Project("{8BC9CEB8-8B4A-11D0-8D11-00A0C91BC942}") = "openxr_loader", "_deps\openxr-build\src\loader\openxr_loader.vcxproj", "{90BE954B-DD49-3C08-86CD-E9ED172EE2CE}"
	ProjectSection(ProjectDependencies) = postProject
		{495880BA-A661-3835-A17C-066F3818200F} = {495880BA-A661-3835-A17C-066F3818200F}
		{CBE47B39-9A1B-3DE3-9C60-05DAF170430D} = {CBE47B39-9A1B-3DE3-9C60-05DAF170430D}
		{005DB794-C217-3303-8175-49C237248E09} = {005DB794-C217-3303-8175-49C237248E09}
	EndProjectSection
EndProject
Project("{8BC9CEB8-8B4A-11D0-8D11-00A0C91BC942}") = "openxr_runtime_list", "_deps\openxr-build\src\tests\list\openxr_runtime_list.vcxproj", "{C4150E08-7897-335F-B28D-AAFEAFCB5C9C}"
	ProjectSection(ProjectDependencies) = postProject
		{495880BA-A661-3835-A17C-066F3818200F} = {495880BA-A661-3835-A17C-066F3818200F}
		{CBE47B39-9A1B-3DE3-9C60-05DAF170430D} = {CBE47B39-9A1B-3DE3-9C60-05DAF170430D}
		{90BE954B-DD49-3C08-86CD-E9ED172EE2CE} = {90BE954B-DD49-3C08-86CD-E9ED172EE2CE}
	EndProjectSection
EndProject
Project("{8BC9CEB8-8B4A-11D0-8D11-00A0C91BC942}") = "openxr_runtime_list_json", "_deps\openxr-build\src\tests\list_json\openxr_runtime_list_json.vcxproj", "{1E59FB8F-A035-32BD-826F-BFD03D0A8D9E}"
	ProjectSection(ProjectDependencies) = postProject
		{495880BA-A661-3835-A17C-066F3818200F} = {495880BA-A661-3835-A17C-066F3818200F}
		{CBE47B39-9A1B-3DE3-9C60-05DAF170430D} = {CBE47B39-9A1B-3DE3-9C60-05DAF170430D}
		{90BE954B-DD49-3C08-86CD-E9ED172EE2CE} = {90BE954B-DD49-3C08-86CD-E9ED172EE2CE}
	EndProjectSection
EndProject
Project("{8BC9CEB8-8B4A-11D0-8D11-00A0C91BC942}") = "renderapp", "apps\renderapp.vcxproj", "{74F52C92-1D97-39FD-A9FF-CECBDFD4AE22}"
	ProjectSection(ProjectDependencies) = postProject
		{495880BA-A661-3835-A17C-066F3818200F} = {495880BA-A661-3835-A17C-066F3818200F}
		{7B77F733-8E96-3AEA-B076-4545BA341657} = {7B77F733-8E96-3AEA-B076-4545BA341657}
		{DD5ED464-8F09-3787-B00B-88878B63F333} = {DD5ED464-8F09-3787-B00B-88878B63F333}
		{955CE0DA-0603-3B0A-9A1A-732B2E8E79D0} = {955CE0DA-0603-3B0A-9A1A-732B2E8E79D0}
		{D9EEC321-D1F1-3171-941F-5E89671B8036} = {D9EEC321-D1F1-3171-941F-5E89671B8036}
		{26B67D14-4D90-35E8-91E5-B732A1C3CC14} = {26B67D14-4D90-35E8-91E5-B732A1C3CC14}
		{CBD13A0F-DFE1-3396-AD49-B18FCFC9B70A} = {CBD13A0F-DFE1-3396-AD49-B18FCFC9B70A}
		{FB024470-3E16-3A20-A79E-063F380371CF} = {FB024470-3E16-3A20-A79E-063F380371CF}
		{6586E60D-4F1A-35FF-8E32-D08F0AB30F7E} = {6586E60D-4F1A-35FF-8E32-D08F0AB30F7E}
		{2104E152-9C24-3A79-AF4E-93530B671A00} = {2104E152-9C24-3A79-AF4E-93530B671A00}
	EndProjectSection
EndProject
Project("{8BC9CEB8-8B4A-11D0-8D11-00A0C91BC942}") = "renderbatch", "apps\renderbatch.vcxproj", "{8E38FC41-272F-3868-B652-222F46FFAEE1}"
	ProjectSection(ProjectDependencies) = postProject
		{495880BA-A661-3835-A17C-066F3818200F} = {495880BA-A661-3835-A17C-066F3818200F}
		{7B77F733-8E96-3AEA-B076-4545BA341657} = {7B77F733-8E96-3AEA-B076-4545BA341657}
		{DD5ED464-8F09-3787-B00B-88878B63F333} = {DD5ED464-8F09-3787-B00B-88878B63F333}
		{955CE0DA-0603-3B0A-9A1A-732B2E8E79D0} = {955CE0DA-0603-3B0A-9A1A-732B2E8E79D0}
		{D9EEC321-D1F1-3171-941F-5E89671B8036} = {D9EEC321-D1F1-3171-941F-5E89671B8036}
		{CBD13A0F-DFE1-3396-AD49-B18FCFC9B70A} = {CBD13A0F-DFE1-3396-AD49-B18FCFC9B70A}
		{FB024470-3E16-3A20-A79E-063F380371CF} = {FB024470-3E16-3A20-A79E-063F380371CF}
		{6586E60D-4F1A-35FF-8E32-D08F0AB30F7E} = {6586E60D-4F1A-35FF-8E32-D08F0AB30F7E}
		{2104E152-9C24-3A79-AF4E-93530B671A00} = {2104E152-9C24-3A79-AF4E-93530B671A00}
	EndProjectSection
EndProject
Project("{8BC9CEB8-8B4A-11D0-8D11-00A0C91BC942}") = "rendercommon", "ovr\rendercommon.vcxproj", "{FB024470-3E16-3A20-A79E-063F380371CF}"
	ProjectSection(ProjectDependencies) = postProject
		{495880BA-A661-3835-A17C-066F3818200F} = {495880BA-A661-3835-A17C-066F3818200F}
		{51747BC6-6F36-3DDD-B898-3A8C337956B5} = {51747BC6-6F36-3DDD-B898-3A8C337956B5}
		{DD5ED464-8F09-3787-B00B-88878B63F333} = {DD5ED464-8F09-3787-B00B-88878B63F333}
		{955CE0DA-0603-3B0A-9A1A-732B2E8E79D0} = {955CE0DA-0603-3B0A-9A1A-732B2E8E79D0}
		{D9EEC321-D1F1-3171-941F-5E89671B8036} = {D9EEC321-D1F1-3171-941F-5E89671B8036}
		{CBD13A0F-DFE1-3396-AD49-B18FCFC9B70A} = {CBD13A0F-DFE1-3396-AD49-B18FCFC9B70A}
		{2104E152-9C24-3A79-AF4E-93530B671A00} = {2104E152-9C24-3A79-AF4E-93530B671A00}
	EndProjectSection
EndProject
Project("{8BC9CEB8-8B4A-11D0-8D11-00A0C91BC942}") = "renderlib", "ovr\renderlib.vcxproj", "{6586E60D-4F1A-35FF-8E32-D08F0AB30F7E}"
	ProjectSection(ProjectDependencies) = postProject
		{495880BA-A661-3835-A17C-066F3818200F} = {495880BA-A661-3835-A17C-066F3818200F}
		{7B77F733-8E96-3AEA-B076-4545BA341657} = {7B77F733-8E96-3AEA-B076-4545BA341657}
		{DD5ED464-8F09-3787-B00B-88878B63F333} = {DD5ED464-8F09-3787-B00B-88878B63F333}
		{955CE0DA-0603-3B0A-9A1A-732B2E8E79D0} = {955CE0DA-0603-3B0A-9A1A-732B2E8E79D0}
		{D9EEC321-D1F1-3171-941F-5E89671B8036} = {D9EEC321-D1F1-3171-941F-5E89671B8036}
		{CBD13A0F-DFE1-3396-AD49-B18FCFC9B70A} = {CBD13A0F-DFE1-3396-AD49-B18FCFC9B70A}
		{FB024470-3E16-3A20-A79E-063F380371CF} = {FB024470-3E16-3A20-A79E-063F380371CF}
		{2104E152-9C24-3A79-AF4E-93530B671A00} = {2104E152-9C24-3A79-AF4E-93530B671A00}
	EndProjectSection
EndProject
Project("{8BC9CEB8-8B4A-11D0-8D11-00A0C91BC942}") = "renderstereo", "projects\ovr-stereo\renderstereo.vcxproj", "{21B536C4-09B6-3925-B289-7E75F32AEBE2}"
	ProjectSection(ProjectDependencies) = postProject
		{495880BA-A661-3835-A17C-066F3818200F} = {495880BA-A661-3835-A17C-066F3818200F}
		{7B77F733-8E96-3AEA-B076-4545BA341657} = {7B77F733-8E96-3AEA-B076-4545BA341657}
		{DD5ED464-8F09-3787-B00B-88878B63F333} = {DD5ED464-8F09-3787-B00B-88878B63F333}
		{CBE47B39-9A1B-3DE3-9C60-05DAF170430D} = {CBE47B39-9A1B-3DE3-9C60-05DAF170430D}
		{955CE0DA-0603-3B0A-9A1A-732B2E8E79D0} = {955CE0DA-0603-3B0A-9A1A-732B2E8E79D0}
		{34708468-EC49-3FEF-8093-3484EC99AA2F} = {34708468-EC49-3FEF-8093-3484EC99AA2F}
		{D9EEC321-D1F1-3171-941F-5E89671B8036} = {D9EEC321-D1F1-3171-941F-5E89671B8036}
		{26B67D14-4D90-35E8-91E5-B732A1C3CC14} = {26B67D14-4D90-35E8-91E5-B732A1C3CC14}
		{CBD13A0F-DFE1-3396-AD49-B18FCFC9B70A} = {CBD13A0F-DFE1-3396-AD49-B18FCFC9B70A}
		{D454F643-BB6F-39E5-ABF2-6A125182A750} = {D454F643-BB6F-39E5-ABF2-6A125182A750}
		{90BE954B-DD49-3C08-86CD-E9ED172EE2CE} = {90BE954B-DD49-3C08-86CD-E9ED172EE2CE}
		{FB024470-3E16-3A20-A79E-063F380371CF} = {FB024470-3E16-3A20-A79E-063F380371CF}
		{6586E60D-4F1A-35FF-8E32-D08F0AB30F7E} = {6586E60D-4F1A-35FF-8E32-D08F0AB30F7E}
		{2104E152-9C24-3A79-AF4E-93530B671A00} = {2104E152-9C24-3A79-AF4E-93530B671A00}
		{E15CCB7D-55E8-32F6-A7EB-2BFD7D264772} = {E15CCB7D-55E8-32F6-A7EB-2BFD7D264772}
	EndProjectSection
EndProject
Project("{8BC9CEB8-8B4A-11D0-8D11-00A0C91BC942}") = "run_hello_xr_glsl_compiles", "_deps\openxr-build\src\tests\hello_xr\run_hello_xr_glsl_compiles.vcxproj", "{4B303281-C88B-3A32-BEC8-66271740CE2E}"
	ProjectSection(ProjectDependencies) = postProject
		{495880BA-A661-3835-A17C-066F3818200F} = {495880BA-A661-3835-A17C-066F3818200F}
	EndProjectSection
EndProject
Project("{8BC9CEB8-8B4A-11D0-8D11-00A0C91BC942}") = "test_runtime", "_deps\openxr-build\src\tests\loader_test\test_runtimes\test_runtime.vcxproj", "{F1E4FE2C-A9A4-3ABD-8442-66E2320591EA}"
	ProjectSection(ProjectDependencies) = postProject
		{495880BA-A661-3835-A17C-066F3818200F} = {495880BA-A661-3835-A17C-066F3818200F}
		{CBE47B39-9A1B-3DE3-9C60-05DAF170430D} = {CBE47B39-9A1B-3DE3-9C60-05DAF170430D}
		{005DB794-C217-3303-8175-49C237248E09} = {005DB794-C217-3303-8175-49C237248E09}
	EndProjectSection
EndProject
Project("{8BC9CEB8-8B4A-11D0-8D11-00A0C91BC942}") = "tfnmodule", "tfnmodule.vcxproj", "{2104E152-9C24-3A79-AF4E-93530B671A00}"
	ProjectSection(ProjectDependencies) = postProject
		{495880BA-A661-3835-A17C-066F3818200F} = {495880BA-A661-3835-A17C-066F3818200F}
	EndProjectSection
EndProject
Project("{8BC9CEB8-8B4A-11D0-8D11-00A0C91BC942}") = "uninstall", "glfw\build\uninstall.vcxproj", "{E682378A-5DCC-3196-B655-A63BB1898E0E}"
	ProjectSection(ProjectDependencies) = postProject
		{495880BA-A661-3835-A17C-066F3818200F} = {495880BA-A661-3835-A17C-066F3818200F}
	EndProjectSection
EndProject
Project("{8BC9CEB8-8B4A-11D0-8D11-00A0C91BC942}") = "update_mappings", "glfw\build\src\update_mappings.vcxproj", "{BBC36C81-8223-3C04-A94B-C596501A4E61}"
	ProjectSection(ProjectDependencies) = postProject
		{495880BA-A661-3835-A17C-066F3818200F} = {495880BA-A661-3835-A17C-066F3818200F}
	EndProjectSection
EndProject
Project("{8BC9CEB8-8B4A-11D0-8D11-00A0C91BC942}") = "xr_common_generated_files", "_deps\openxr-build\src\xr_common_generated_files.vcxproj", "{85E78C7C-A644-35F6-BEBA-EFC7D89C4736}"
	ProjectSection(ProjectDependencies) = postProject
		{495880BA-A661-3835-A17C-066F3818200F} = {495880BA-A661-3835-A17C-066F3818200F}
	EndProjectSection
EndProject
Project("{8BC9CEB8-8B4A-11D0-8D11-00A0C91BC942}") = "xr_global_generated_files", "_deps\openxr-build\src\xr_global_generated_files.vcxproj", "{005DB794-C217-3303-8175-49C237248E09}"
	ProjectSection(ProjectDependencies) = postProject
		{495880BA-A661-3835-A17C-066F3818200F} = {495880BA-A661-3835-A17C-066F3818200F}
	EndProjectSection
EndProject
Project("{8BC9CEB8-8B4A-11D0-8D11-00A0C91BC942}") = "xrlinalg", "projects\ovr-stereo\lib\xrlinalg\xrlinalg.vcxproj", "{E15CCB7D-55E8-32F6-A7EB-2BFD7D264772}"
	ProjectSection(ProjectDependencies) = postProject
		{495880BA-A661-3835-A17C-066F3818200F} = {495880BA-A661-3835-A17C-066F3818200F}
	EndProjectSection
EndProject
Global
	GlobalSection(SolutionConfigurationPlatforms) = preSolution
		Debug|x64 = Debug|x64
		Release|x64 = Release|x64
		MinSizeRel|x64 = MinSizeRel|x64
		RelWithDebInfo|x64 = RelWithDebInfo|x64
	EndGlobalSection
	GlobalSection(ProjectConfigurationPlatforms) = postSolution
		{CBA02BC1-D8E6-3CDF-9D46-1A14BDB7134C}.Debug|x64.ActiveCfg = Debug|x64
		{CBA02BC1-D8E6-3CDF-9D46-1A14BDB7134C}.Debug|x64.Build.0 = Debug|x64
		{CBA02BC1-D8E6-3CDF-9D46-1A14BDB7134C}.Release|x64.ActiveCfg = Release|x64
		{CBA02BC1-D8E6-3CDF-9D46-1A14BDB7134C}.Release|x64.Build.0 = Release|x64
		{CBA02BC1-D8E6-3CDF-9D46-1A14BDB7134C}.MinSizeRel|x64.ActiveCfg = MinSizeRel|x64
		{CBA02BC1-D8E6-3CDF-9D46-1A14BDB7134C}.MinSizeRel|x64.Build.0 = MinSizeRel|x64
		{CBA02BC1-D8E6-3CDF-9D46-1A14BDB7134C}.RelWithDebInfo|x64.ActiveCfg = RelWithDebInfo|x64
		{CBA02BC1-D8E6-3CDF-9D46-1A14BDB7134C}.RelWithDebInfo|x64.Build.0 = RelWithDebInfo|x64
		{2975B459-6A74-3C88-B564-1D708B554CE2}.Debug|x64.ActiveCfg = Debug|x64
		{2975B459-6A74-3C88-B564-1D708B554CE2}.Release|x64.ActiveCfg = Release|x64
		{2975B459-6A74-3C88-B564-1D708B554CE2}.MinSizeRel|x64.ActiveCfg = MinSizeRel|x64
		{2975B459-6A74-3C88-B564-1D708B554CE2}.RelWithDebInfo|x64.ActiveCfg = RelWithDebInfo|x64
		{CCA4F305-AB46-3D76-88A1-8A00BF5397B0}.Debug|x64.ActiveCfg = Debug|x64
		{CCA4F305-AB46-3D76-88A1-8A00BF5397B0}.Release|x64.ActiveCfg = Release|x64
		{CCA4F305-AB46-3D76-88A1-8A00BF5397B0}.MinSizeRel|x64.ActiveCfg = MinSizeRel|x64
		{CCA4F305-AB46-3D76-88A1-8A00BF5397B0}.RelWithDebInfo|x64.ActiveCfg = RelWithDebInfo|x64
		{FF87EA6A-5D11-39B7-B657-3A842E67C0DB}.Debug|x64.ActiveCfg = Debug|x64
		{FF87EA6A-5D11-39B7-B657-3A842E67C0DB}.Release|x64.ActiveCfg = Release|x64
		{FF87EA6A-5D11-39B7-B657-3A842E67C0DB}.MinSizeRel|x64.ActiveCfg = MinSizeRel|x64
		{FF87EA6A-5D11-39B7-B657-3A842E67C0DB}.RelWithDebInfo|x64.ActiveCfg = RelWithDebInfo|x64
		{7874F6AB-2D21-3258-B9C7-3992AEFBBB37}.Debug|x64.ActiveCfg = Debug|x64
		{7874F6AB-2D21-3258-B9C7-3992AEFBBB37}.Release|x64.ActiveCfg = Release|x64
		{7874F6AB-2D21-3258-B9C7-3992AEFBBB37}.MinSizeRel|x64.ActiveCfg = MinSizeRel|x64
		{7874F6AB-2D21-3258-B9C7-3992AEFBBB37}.RelWithDebInfo|x64.ActiveCfg = RelWithDebInfo|x64
		{55FCDB65-B2AE-3048-B996-0BFC0B851310}.Debug|x64.ActiveCfg = Debug|x64
		{55FCDB65-B2AE-3048-B996-0BFC0B851310}.Release|x64.ActiveCfg = Release|x64
		{55FCDB65-B2AE-3048-B996-0BFC0B851310}.MinSizeRel|x64.ActiveCfg = MinSizeRel|x64
		{55FCDB65-B2AE-3048-B996-0BFC0B851310}.RelWithDebInfo|x64.ActiveCfg = RelWithDebInfo|x64
		{D87E7628-55B3-3B77-8BAA-229806EA2919}.Debug|x64.ActiveCfg = Debug|x64
		{D87E7628-55B3-3B77-8BAA-229806EA2919}.Debug|x64.Build.0 = Debug|x64
		{D87E7628-55B3-3B77-8BAA-229806EA2919}.Release|x64.ActiveCfg = Release|x64
		{D87E7628-55B3-3B77-8BAA-229806EA2919}.Release|x64.Build.0 = Release|x64
		{D87E7628-55B3-3B77-8BAA-229806EA2919}.MinSizeRel|x64.ActiveCfg = MinSizeRel|x64
		{D87E7628-55B3-3B77-8BAA-229806EA2919}.MinSizeRel|x64.Build.0 = MinSizeRel|x64
		{D87E7628-55B3-3B77-8BAA-229806EA2919}.RelWithDebInfo|x64.ActiveCfg = RelWithDebInfo|x64
		{D87E7628-55B3-3B77-8BAA-229806EA2919}.RelWithDebInfo|x64.Build.0 = RelWithDebInfo|x64
		{B6C59DDF-9CFD-3F2A-936E-50D669DA39CC}.Debug|x64.ActiveCfg = Debug|x64
		{B6C59DDF-9CFD-3F2A-936E-50D669DA39CC}.Debug|x64.Build.0 = Debug|x64
		{B6C59DDF-9CFD-3F2A-936E-50D669DA39CC}.Release|x64.ActiveCfg = Release|x64
		{B6C59DDF-9CFD-3F2A-936E-50D669DA39CC}.Release|x64.Build.0 = Release|x64
		{B6C59DDF-9CFD-3F2A-936E-50D669DA39CC}.MinSizeRel|x64.ActiveCfg = MinSizeRel|x64
		{B6C59DDF-9CFD-3F2A-936E-50D669DA39CC}.MinSizeRel|x64.Build.0 = MinSizeRel|x64
		{B6C59DDF-9CFD-3F2A-936E-50D669DA39CC}.RelWithDebInfo|x64.ActiveCfg = RelWithDebInfo|x64
		{B6C59DDF-9CFD-3F2A-936E-50D669DA39CC}.RelWithDebInfo|x64.Build.0 = RelWithDebInfo|x64
		{B084AFA4-C096-3E12-94A7-4F48BBE3D876}.Debug|x64.ActiveCfg = Debug|x64
		{B084AFA4-C096-3E12-94A7-4F48BBE3D876}.Debug|x64.Build.0 = Debug|x64
		{B084AFA4-C096-3E12-94A7-4F48BBE3D876}.Release|x64.ActiveCfg = Release|x64
		{B084AFA4-C096-3E12-94A7-4F48BBE3D876}.Release|x64.Build.0 = Release|x64
		{B084AFA4-C096-3E12-94A7-4F48BBE3D876}.MinSizeRel|x64.ActiveCfg = MinSizeRel|x64
		{B084AFA4-C096-3E12-94A7-4F48BBE3D876}.MinSizeRel|x64.Build.0 = MinSizeRel|x64
		{B084AFA4-C096-3E12-94A7-4F48BBE3D876}.RelWithDebInfo|x64.ActiveCfg = RelWithDebInfo|x64
		{B084AFA4-C096-3E12-94A7-4F48BBE3D876}.RelWithDebInfo|x64.Build.0 = RelWithDebInfo|x64
		{495880BA-A661-3835-A17C-066F3818200F}.Debug|x64.ActiveCfg = Debug|x64
		{495880BA-A661-3835-A17C-066F3818200F}.Debug|x64.Build.0 = Debug|x64
		{495880BA-A661-3835-A17C-066F3818200F}.Release|x64.ActiveCfg = Release|x64
		{495880BA-A661-3835-A17C-066F3818200F}.Release|x64.Build.0 = Release|x64
		{495880BA-A661-3835-A17C-066F3818200F}.MinSizeRel|x64.ActiveCfg = MinSizeRel|x64
		{495880BA-A661-3835-A17C-066F3818200F}.MinSizeRel|x64.Build.0 = MinSizeRel|x64
		{495880BA-A661-3835-A17C-066F3818200F}.RelWithDebInfo|x64.ActiveCfg = RelWithDebInfo|x64
		{495880BA-A661-3835-A17C-066F3818200F}.RelWithDebInfo|x64.Build.0 = RelWithDebInfo|x64
		{51747BC6-6F36-3DDD-B898-3A8C337956B5}.Debug|x64.ActiveCfg = Debug|x64
		{51747BC6-6F36-3DDD-B898-3A8C337956B5}.Debug|x64.Build.0 = Debug|x64
		{51747BC6-6F36-3DDD-B898-3A8C337956B5}.Release|x64.ActiveCfg = Release|x64
		{51747BC6-6F36-3DDD-B898-3A8C337956B5}.Release|x64.Build.0 = Release|x64
		{51747BC6-6F36-3DDD-B898-3A8C337956B5}.MinSizeRel|x64.ActiveCfg = MinSizeRel|x64
		{51747BC6-6F36-3DDD-B898-3A8C337956B5}.MinSizeRel|x64.Build.0 = MinSizeRel|x64
		{51747BC6-6F36-3DDD-B898-3A8C337956B5}.RelWithDebInfo|x64.ActiveCfg = RelWithDebInfo|x64
		{51747BC6-6F36-3DDD-B898-3A8C337956B5}.RelWithDebInfo|x64.Build.0 = RelWithDebInfo|x64
		{AC864D1D-578B-3488-9302-F9CEFF3384F7}.Debug|x64.ActiveCfg = Debug|x64
		{AC864D1D-578B-3488-9302-F9CEFF3384F7}.Debug|x64.Build.0 = Debug|x64
		{AC864D1D-578B-3488-9302-F9CEFF3384F7}.Release|x64.ActiveCfg = Release|x64
		{AC864D1D-578B-3488-9302-F9CEFF3384F7}.Release|x64.Build.0 = Release|x64
		{AC864D1D-578B-3488-9302-F9CEFF3384F7}.MinSizeRel|x64.ActiveCfg = MinSizeRel|x64
		{AC864D1D-578B-3488-9302-F9CEFF3384F7}.MinSizeRel|x64.Build.0 = MinSizeRel|x64
		{AC864D1D-578B-3488-9302-F9CEFF3384F7}.RelWithDebInfo|x64.ActiveCfg = RelWithDebInfo|x64
		{AC864D1D-578B-3488-9302-F9CEFF3384F7}.RelWithDebInfo|x64.Build.0 = RelWithDebInfo|x64
		{7B77F733-8E96-3AEA-B076-4545BA341657}.Debug|x64.ActiveCfg = Debug|x64
		{7B77F733-8E96-3AEA-B076-4545BA341657}.Debug|x64.Build.0 = Debug|x64
		{7B77F733-8E96-3AEA-B076-4545BA341657}.Release|x64.ActiveCfg = Release|x64
		{7B77F733-8E96-3AEA-B076-4545BA341657}.Release|x64.Build.0 = Release|x64
		{7B77F733-8E96-3AEA-B076-4545BA341657}.MinSizeRel|x64.ActiveCfg = MinSizeRel|x64
		{7B77F733-8E96-3AEA-B076-4545BA341657}.MinSizeRel|x64.Build.0 = MinSizeRel|x64
		{7B77F733-8E96-3AEA-B076-4545BA341657}.RelWithDebInfo|x64.ActiveCfg = RelWithDebInfo|x64
		{7B77F733-8E96-3AEA-B076-4545BA341657}.RelWithDebInfo|x64.Build.0 = RelWithDebInfo|x64
		{DD5ED464-8F09-3787-B00B-88878B63F333}.Debug|x64.ActiveCfg = Debug|x64
		{DD5ED464-8F09-3787-B00B-88878B63F333}.Debug|x64.Build.0 = Debug|x64
		{DD5ED464-8F09-3787-B00B-88878B63F333}.Release|x64.ActiveCfg = Release|x64
		{DD5ED464-8F09-3787-B00B-88878B63F333}.Release|x64.Build.0 = Release|x64
		{DD5ED464-8F09-3787-B00B-88878B63F333}.MinSizeRel|x64.ActiveCfg = MinSizeRel|x64
		{DD5ED464-8F09-3787-B00B-88878B63F333}.MinSizeRel|x64.Build.0 = MinSizeRel|x64
		{DD5ED464-8F09-3787-B00B-88878B63F333}.RelWithDebInfo|x64.ActiveCfg = RelWithDebInfo|x64
		{DD5ED464-8F09-3787-B00B-88878B63F333}.RelWithDebInfo|x64.Build.0 = RelWithDebInfo|x64
		{CBE47B39-9A1B-3DE3-9C60-05DAF170430D}.Debug|x64.ActiveCfg = Debug|x64
		{CBE47B39-9A1B-3DE3-9C60-05DAF170430D}.Debug|x64.Build.0 = Debug|x64
		{CBE47B39-9A1B-3DE3-9C60-05DAF170430D}.Release|x64.ActiveCfg = Release|x64
		{CBE47B39-9A1B-3DE3-9C60-05DAF170430D}.Release|x64.Build.0 = Release|x64
		{CBE47B39-9A1B-3DE3-9C60-05DAF170430D}.MinSizeRel|x64.ActiveCfg = MinSizeRel|x64
		{CBE47B39-9A1B-3DE3-9C60-05DAF170430D}.MinSizeRel|x64.Build.0 = MinSizeRel|x64
		{CBE47B39-9A1B-3DE3-9C60-05DAF170430D}.RelWithDebInfo|x64.ActiveCfg = RelWithDebInfo|x64
		{CBE47B39-9A1B-3DE3-9C60-05DAF170430D}.RelWithDebInfo|x64.Build.0 = RelWithDebInfo|x64
		{955CE0DA-0603-3B0A-9A1A-732B2E8E79D0}.Debug|x64.ActiveCfg = Debug|x64
		{955CE0DA-0603-3B0A-9A1A-732B2E8E79D0}.Debug|x64.Build.0 = Debug|x64
		{955CE0DA-0603-3B0A-9A1A-732B2E8E79D0}.Release|x64.ActiveCfg = Release|x64
		{955CE0DA-0603-3B0A-9A1A-732B2E8E79D0}.Release|x64.Build.0 = Release|x64
		{955CE0DA-0603-3B0A-9A1A-732B2E8E79D0}.MinSizeRel|x64.ActiveCfg = MinSizeRel|x64
		{955CE0DA-0603-3B0A-9A1A-732B2E8E79D0}.MinSizeRel|x64.Build.0 = MinSizeRel|x64
		{955CE0DA-0603-3B0A-9A1A-732B2E8E79D0}.RelWithDebInfo|x64.ActiveCfg = RelWithDebInfo|x64
		{955CE0DA-0603-3B0A-9A1A-732B2E8E79D0}.RelWithDebInfo|x64.Build.0 = RelWithDebInfo|x64
		{34708468-EC49-3FEF-8093-3484EC99AA2F}.Debug|x64.ActiveCfg = Debug|x64
		{34708468-EC49-3FEF-8093-3484EC99AA2F}.Debug|x64.Build.0 = Debug|x64
		{34708468-EC49-3FEF-8093-3484EC99AA2F}.Release|x64.ActiveCfg = Release|x64
		{34708468-EC49-3FEF-8093-3484EC99AA2F}.Release|x64.Build.0 = Release|x64
		{34708468-EC49-3FEF-8093-3484EC99AA2F}.MinSizeRel|x64.ActiveCfg = MinSizeRel|x64
		{34708468-EC49-3FEF-8093-3484EC99AA2F}.MinSizeRel|x64.Build.0 = MinSizeRel|x64
		{34708468-EC49-3FEF-8093-3484EC99AA2F}.RelWithDebInfo|x64.ActiveCfg = RelWithDebInfo|x64
		{34708468-EC49-3FEF-8093-3484EC99AA2F}.RelWithDebInfo|x64.Build.0 = RelWithDebInfo|x64
		{D9EEC321-D1F1-3171-941F-5E89671B8036}.Debug|x64.ActiveCfg = Debug|x64
		{D9EEC321-D1F1-3171-941F-5E89671B8036}.Debug|x64.Build.0 = Debug|x64
		{D9EEC321-D1F1-3171-941F-5E89671B8036}.Release|x64.ActiveCfg = Release|x64
		{D9EEC321-D1F1-3171-941F-5E89671B8036}.Release|x64.Build.0 = Release|x64
		{D9EEC321-D1F1-3171-941F-5E89671B8036}.MinSizeRel|x64.ActiveCfg = MinSizeRel|x64
		{D9EEC321-D1F1-3171-941F-5E89671B8036}.MinSizeRel|x64.Build.0 = MinSizeRel|x64
		{D9EEC321-D1F1-3171-941F-5E89671B8036}.RelWithDebInfo|x64.ActiveCfg = RelWithDebInfo|x64
		{D9EEC321-D1F1-3171-941F-5E89671B8036}.RelWithDebInfo|x64.Build.0 = RelWithDebInfo|x64
		{26B67D14-4D90-35E8-91E5-B732A1C3CC14}.Debug|x64.ActiveCfg = Debug|x64
		{26B67D14-4D90-35E8-91E5-B732A1C3CC14}.Debug|x64.Build.0 = Debug|x64
		{26B67D14-4D90-35E8-91E5-B732A1C3CC14}.Release|x64.ActiveCfg = Release|x64
		{26B67D14-4D90-35E8-91E5-B732A1C3CC14}.Release|x64.Build.0 = Release|x64
		{26B67D14-4D90-35E8-91E5-B732A1C3CC14}.MinSizeRel|x64.ActiveCfg = MinSizeRel|x64
		{26B67D14-4D90-35E8-91E5-B732A1C3CC14}.MinSizeRel|x64.Build.0 = MinSizeRel|x64
		{26B67D14-4D90-35E8-91E5-B732A1C3CC14}.RelWithDebInfo|x64.ActiveCfg = RelWithDebInfo|x64
		{26B67D14-4D90-35E8-91E5-B732A1C3CC14}.RelWithDebInfo|x64.Build.0 = RelWithDebInfo|x64
		{4A877335-3D80-330F-8A84-DEB173AF615D}.Debug|x64.ActiveCfg = Debug|x64
		{4A877335-3D80-330F-8A84-DEB173AF615D}.Debug|x64.Build.0 = Debug|x64
		{4A877335-3D80-330F-8A84-DEB173AF615D}.Release|x64.ActiveCfg = Release|x64
		{4A877335-3D80-330F-8A84-DEB173AF615D}.Release|x64.Build.0 = Release|x64
		{4A877335-3D80-330F-8A84-DEB173AF615D}.MinSizeRel|x64.ActiveCfg = MinSizeRel|x64
		{4A877335-3D80-330F-8A84-DEB173AF615D}.MinSizeRel|x64.Build.0 = MinSizeRel|x64
		{4A877335-3D80-330F-8A84-DEB173AF615D}.RelWithDebInfo|x64.ActiveCfg = RelWithDebInfo|x64
		{4A877335-3D80-330F-8A84-DEB173AF615D}.RelWithDebInfo|x64.Build.0 = RelWithDebInfo|x64
		{CBD13A0F-DFE1-3396-AD49-B18FCFC9B70A}.Debug|x64.ActiveCfg = Debug|x64
		{CBD13A0F-DFE1-3396-AD49-B18FCFC9B70A}.Debug|x64.Build.0 = Debug|x64
		{CBD13A0F-DFE1-3396-AD49-B18FCFC9B70A}.Release|x64.ActiveCfg = Release|x64
		{CBD13A0F-DFE1-3396-AD49-B18FCFC9B70A}.Release|x64.Build.0 = Release|x64
		{CBD13A0F-DFE1-3396-AD49-B18FCFC9B70A}.MinSizeRel|x64.ActiveCfg = MinSizeRel|x64
		{CBD13A0F-DFE1-3396-AD49-B18FCFC9B70A}.MinSizeRel|x64.Build.0 = MinSizeRel|x64
		{CBD13A0F-DFE1-3396-AD49-B18FCFC9B70A}.RelWithDebInfo|x64.ActiveCfg = RelWithDebInfo|x64
		{CBD13A0F-DFE1-3396-AD49-B18FCFC9B70A}.RelWithDebInfo|x64.Build.0 = RelWithDebInfo|x64
		{36771F91-6CF7-32A0-9DF2-9292093866F4}.Debug|x64.ActiveCfg = Debug|x64
		{36771F91-6CF7-32A0-9DF2-9292093866F4}.Debug|x64.Build.0 = Debug|x64
		{36771F91-6CF7-32A0-9DF2-9292093866F4}.Release|x64.ActiveCfg = Release|x64
		{36771F91-6CF7-32A0-9DF2-9292093866F4}.Release|x64.Build.0 = Release|x64
		{36771F91-6CF7-32A0-9DF2-9292093866F4}.MinSizeRel|x64.ActiveCfg = MinSizeRel|x64
		{36771F91-6CF7-32A0-9DF2-9292093866F4}.MinSizeRel|x64.Build.0 = MinSizeRel|x64
		{36771F91-6CF7-32A0-9DF2-9292093866F4}.RelWithDebInfo|x64.ActiveCfg = RelWithDebInfo|x64
		{36771F91-6CF7-32A0-9DF2-9292093866F4}.RelWithDebInfo|x64.Build.0 = RelWithDebInfo|x64
		{D454F643-BB6F-39E5-ABF2-6A125182A750}.Debug|x64.ActiveCfg = Debug|x64
		{D454F643-BB6F-39E5-ABF2-6A125182A750}.Debug|x64.Build.0 = Debug|x64
		{D454F643-BB6F-39E5-ABF2-6A125182A750}.Release|x64.ActiveCfg = Release|x64
		{D454F643-BB6F-39E5-ABF2-6A125182A750}.Release|x64.Build.0 = Release|x64
		{D454F643-BB6F-39E5-ABF2-6A125182A750}.MinSizeRel|x64.ActiveCfg = MinSizeRel|x64
		{D454F643-BB6F-39E5-ABF2-6A125182A750}.MinSizeRel|x64.Build.0 = MinSizeRel|x64
		{D454F643-BB6F-39E5-ABF2-6A125182A750}.RelWithDebInfo|x64.ActiveCfg = RelWithDebInfo|x64
		{D454F643-BB6F-39E5-ABF2-6A125182A750}.RelWithDebInfo|x64.Build.0 = RelWithDebInfo|x64
		{A9946436-42DC-3373-A8F9-D38003E1A12C}.Debug|x64.ActiveCfg = Debug|x64
		{A9946436-42DC-3373-A8F9-D38003E1A12C}.Debug|x64.Build.0 = Debug|x64
		{A9946436-42DC-3373-A8F9-D38003E1A12C}.Release|x64.ActiveCfg = Release|x64
		{A9946436-42DC-3373-A8F9-D38003E1A12C}.Release|x64.Build.0 = Release|x64
		{A9946436-42DC-3373-A8F9-D38003E1A12C}.MinSizeRel|x64.ActiveCfg = MinSizeRel|x64
		{A9946436-42DC-3373-A8F9-D38003E1A12C}.MinSizeRel|x64.Build.0 = MinSizeRel|x64
		{A9946436-42DC-3373-A8F9-D38003E1A12C}.RelWithDebInfo|x64.ActiveCfg = RelWithDebInfo|x64
		{A9946436-42DC-3373-A8F9-D38003E1A12C}.RelWithDebInfo|x64.Build.0 = RelWithDebInfo|x64
		{90BE954B-DD49-3C08-86CD-E9ED172EE2CE}.Debug|x64.ActiveCfg = Debug|x64
		{90BE954B-DD49-3C08-86CD-E9ED172EE2CE}.Debug|x64.Build.0 = Debug|x64
		{90BE954B-DD49-3C08-86CD-E9ED172EE2CE}.Release|x64.ActiveCfg = Release|x64
		{90BE954B-DD49-3C08-86CD-E9ED172EE2CE}.Release|x64.Build.0 = Release|x64
		{90BE954B-DD49-3C08-86CD-E9ED172EE2CE}.MinSizeRel|x64.ActiveCfg = MinSizeRel|x64
		{90BE954B-DD49-3C08-86CD-E9ED172EE2CE}.MinSizeRel|x64.Build.0 = MinSizeRel|x64
		{90BE954B-DD49-3C08-86CD-E9ED172EE2CE}.RelWithDebInfo|x64.ActiveCfg = RelWithDebInfo|x64
		{90BE954B-DD49-3C08-86CD-E9ED172EE2CE}.RelWithDebInfo|x64.Build.0 = RelWithDebInfo|x64
		{C4150E08-7897-335F-B28D-AAFEAFCB5C9C}.Debug|x64.ActiveCfg = Debug|x64
		{C4150E08-7897-335F-B28D-AAFEAFCB5C9C}.Debug|x64.Build.0 = Debug|x64
		{C4150E08-7897-335F-B28D-AAFEAFCB5C9C}.Release|x64.ActiveCfg = Release|x64
		{C4150E08-7897-335F-B28D-AAFEAFCB5C9C}.Release|x64.Build.0 = Release|x64
		{C4150E08-7897-335F-B28D-AAFEAFCB5C9C}.MinSizeRel|x64.ActiveCfg = MinSizeRel|x64
		{C4150E08-7897-335F-B28D-AAFEAFCB5C9C}.MinSizeRel|x64.Build.0 = MinSizeRel|x64
		{C4150E08-7897-335F-B28D-AAFEAFCB5C9C}.RelWithDebInfo|x64.ActiveCfg = RelWithDebInfo|x64
		{C4150E08-7897-335F-B28D-AAFEAFCB5C9C}.RelWithDebInfo|x64.Build.0 = RelWithDebInfo|x64
		{1E59FB8F-A035-32BD-826F-BFD03D0A8D9E}.Debug|x64.ActiveCfg = Debug|x64
		{1E59FB8F-A035-32BD-826F-BFD03D0A8D9E}.Debug|x64.Build.0 = Debug|x64
		{1E59FB8F-A035-32BD-826F-BFD03D0A8D9E}.Release|x64.ActiveCfg = Release|x64
		{1E59FB8F-A035-32BD-826F-BFD03D0A8D9E}.Release|x64.Build.0 = Release|x64
		{1E59FB8F-A035-32BD-826F-BFD03D0A8D9E}.MinSizeRel|x64.ActiveCfg = MinSizeRel|x64
		{1E59FB8F-A035-32BD-826F-BFD03D0A8D9E}.MinSizeRel|x64.Build.0 = MinSizeRel|x64
		{1E59FB8F-A035-32BD-826F-BFD03D0A8D9E}.RelWithDebInfo|x64.ActiveCfg = RelWithDebInfo|x64
		{1E59FB8F-A035-32BD-826F-BFD03D0A8D9E}.RelWithDebInfo|x64.Build.0 = RelWithDebInfo|x64
		{74F52C92-1D97-39FD-A9FF-CECBDFD4AE22}.Debug|x64.ActiveCfg = Debug|x64
		{74F52C92-1D97-39FD-A9FF-CECBDFD4AE22}.Debug|x64.Build.0 = Debug|x64
		{74F52C92-1D97-39FD-A9FF-CECBDFD4AE22}.Release|x64.ActiveCfg = Release|x64
		{74F52C92-1D97-39FD-A9FF-CECBDFD4AE22}.Release|x64.Build.0 = Release|x64
		{74F52C92-1D97-39FD-A9FF-CECBDFD4AE22}.MinSizeRel|x64.ActiveCfg = MinSizeRel|x64
		{74F52C92-1D97-39FD-A9FF-CECBDFD4AE22}.MinSizeRel|x64.Build.0 = MinSizeRel|x64
		{74F52C92-1D97-39FD-A9FF-CECBDFD4AE22}.RelWithDebInfo|x64.ActiveCfg = RelWithDebInfo|x64
		{74F52C92-1D97-39FD-A9FF-CECBDFD4AE22}.RelWithDebInfo|x64.Build.0 = RelWithDebInfo|x64
		{8E38FC41-272F-3868-B652-222F46FFAEE1}.Debug|x64.ActiveCfg = Debug|x64
		{8E38FC41-272F-3868-B652-222F46FFAEE1}.Debug|x64.Build.0 = Debug|x64
		{8E38FC41-272F-3868-B652-222F46FFAEE1}.Release|x64.ActiveCfg = Release|x64
		{8E38FC41-272F-3868-B652-222F46FFAEE1}.Release|x64.Build.0 = Release|x64
		{8E38FC41-272F-3868-B652-222F46FFAEE1}.MinSizeRel|x64.ActiveCfg = MinSizeRel|x64
		{8E38FC41-272F-3868-B652-222F46FFAEE1}.MinSizeRel|x64.Build.0 = MinSizeRel|x64
		{8E38FC41-272F-3868-B652-222F46FFAEE1}.RelWithDebInfo|x64.ActiveCfg = RelWithDebInfo|x64
		{8E38FC41-272F-3868-B652-222F46FFAEE1}.RelWithDebInfo|x64.Build.0 = RelWithDebInfo|x64
		{FB024470-3E16-3A20-A79E-063F380371CF}.Debug|x64.ActiveCfg = Debug|x64
		{FB024470-3E16-3A20-A79E-063F380371CF}.Debug|x64.Build.0 = Debug|x64
		{FB024470-3E16-3A20-A79E-063F380371CF}.Release|x64.ActiveCfg = Release|x64
		{FB024470-3E16-3A20-A79E-063F380371CF}.Release|x64.Build.0 = Release|x64
		{FB024470-3E16-3A20-A79E-063F380371CF}.MinSizeRel|x64.ActiveCfg = MinSizeRel|x64
		{FB024470-3E16-3A20-A79E-063F380371CF}.MinSizeRel|x64.Build.0 = MinSizeRel|x64
		{FB024470-3E16-3A20-A79E-063F380371CF}.RelWithDebInfo|x64.ActiveCfg = RelWithDebInfo|x64
		{FB024470-3E16-3A20-A79E-063F380371CF}.RelWithDebInfo|x64.Build.0 = RelWithDebInfo|x64
		{6586E60D-4F1A-35FF-8E32-D08F0AB30F7E}.Debug|x64.ActiveCfg = Debug|x64
		{6586E60D-4F1A-35FF-8E32-D08F0AB30F7E}.Debug|x64.Build.0 = Debug|x64
		{6586E60D-4F1A-35FF-8E32-D08F0AB30F7E}.Release|x64.ActiveCfg = Release|x64
		{6586E60D-4F1A-35FF-8E32-D08F0AB30F7E}.Release|x64.Build.0 = Release|x64
		{6586E60D-4F1A-35FF-8E32-D08F0AB30F7E}.MinSizeRel|x64.ActiveCfg = MinSizeRel|x64
		{6586E60D-4F1A-35FF-8E32-D08F0AB30F7E}.MinSizeRel|x64.Build.0 = MinSizeRel|x64
		{6586E60D-4F1A-35FF-8E32-D08F0AB30F7E}.RelWithDebInfo|x64.ActiveCfg = RelWithDebInfo|x64
		{6586E60D-4F1A-35FF-8E32-D08F0AB30F7E}.RelWithDebInfo|x64.Build.0 = RelWithDebInfo|x64
		{21B536C4-09B6-3925-B289-7E75F32AEBE2}.Debug|x64.ActiveCfg = Debug|x64
		{21B536C4-09B6-3925-B289-7E75F32AEBE2}.Debug|x64.Build.0 = Debug|x64
		{21B536C4-09B6-3925-B289-7E75F32AEBE2}.Release|x64.ActiveCfg = Release|x64
		{21B536C4-09B6-3925-B289-7E75F32AEBE2}.Release|x64.Build.0 = Release|x64
		{21B536C4-09B6-3925-B289-7E75F32AEBE2}.MinSizeRel|x64.ActiveCfg = MinSizeRel|x64
		{21B536C4-09B6-3925-B289-7E75F32AEBE2}.MinSizeRel|x64.Build.0 = MinSizeRel|x64
		{21B536C4-09B6-3925-B289-7E75F32AEBE2}.RelWithDebInfo|x64.ActiveCfg = RelWithDebInfo|x64
		{21B536C4-09B6-3925-B289-7E75F32AEBE2}.RelWithDebInfo|x64.Build.0 = RelWithDebInfo|x64
		{4B303281-C88B-3A32-BEC8-66271740CE2E}.Debug|x64.ActiveCfg = Debug|x64
		{4B303281-C88B-3A32-BEC8-66271740CE2E}.Debug|x64.Build.0 = Debug|x64
		{4B303281-C88B-3A32-BEC8-66271740CE2E}.Release|x64.ActiveCfg = Release|x64
		{4B303281-C88B-3A32-BEC8-66271740CE2E}.Release|x64.Build.0 = Release|x64
		{4B303281-C88B-3A32-BEC8-66271740CE2E}.MinSizeRel|x64.ActiveCfg = MinSizeRel|x64
		{4B303281-C88B-3A32-BEC8-66271740CE2E}.MinSizeRel|x64.Build.0 = MinSizeRel|x64
		{4B303281-C88B-3A32-BEC8-66271740CE2E}.RelWithDebInfo|x64.ActiveCfg = RelWithDebInfo|x64
		{4B303281-C88B-3A32-BEC8-66271740CE2E}.RelWithDebInfo|x64.Build.0 = RelWithDebInfo|x64
		{F1E4FE2C-A9A4-3ABD-8442-66E2320591EA}.Debug|x64.ActiveCfg = Debug|x64
		{F1E4FE2C-A9A4-3ABD-8442-66E2320591EA}.Debug|x64.Build.0 = Debug|x64
		{F1E4FE2C-A9A4-3ABD-8442-66E2320591EA}.Release|x64.ActiveCfg = Release|x64
		{F1E4FE2C-A9A4-3ABD-8442-66E2320591EA}.Release|x64.Build.0 = Release|x64
		{F1E4FE2C-A9A4-3ABD-8442-66E2320591EA}.MinSizeRel|x64.ActiveCfg = MinSizeRel|x64
		{F1E4FE2C-A9A4-3ABD-8442-66E2320591EA}.MinSizeRel|x64.Build.0 = MinSizeRel|x64
		{F1E4FE2C-A9A4-3ABD-8442-66E2320591EA}.RelWithDebInfo|x64.ActiveCfg = RelWithDebInfo|x64
		{F1E4FE2C-A9A4-3ABD-8442-66E2320591EA}.RelWithDebInfo|x64.Build.0 = RelWithDebInfo|x64
		{2104E152-9C24-3A79-AF4E-93530B671A00}.Debug|x64.ActiveCfg = Debug|x64
		{2104E152-9C24-3A79-AF4E-93530B671A00}.Debug|x64.Build.0 = Debug|x64
		{2104E152-9C24-3A79-AF4E-93530B671A00}.Release|x64.ActiveCfg = Release|x64
		{2104E152-9C24-3A79-AF4E-93530B671A00}.Release|x64.Build.0 = Release|x64
		{2104E152-9C24-3A79-AF4E-93530B671A00}.MinSizeRel|x64.ActiveCfg = MinSizeRel|x64
		{2104E152-9C24-3A79-AF4E-93530B671A00}.MinSizeRel|x64.Build.0 = MinSizeRel|x64
		{2104E152-9C24-3A79-AF4E-93530B671A00}.RelWithDebInfo|x64.ActiveCfg = RelWithDebInfo|x64
		{2104E152-9C24-3A79-AF4E-93530B671A00}.RelWithDebInfo|x64.Build.0 = RelWithDebInfo|x64
		{E682378A-5DCC-3196-B655-A63BB1898E0E}.Debug|x64.ActiveCfg = Debug|x64
		{E682378A-5DCC-3196-B655-A63BB1898E0E}.Release|x64.ActiveCfg = Release|x64
		{E682378A-5DCC-3196-B655-A63BB1898E0E}.MinSizeRel|x64.ActiveCfg = MinSizeRel|x64
		{E682378A-5DCC-3196-B655-A63BB1898E0E}.RelWithDebInfo|x64.ActiveCfg = RelWithDebInfo|x64
		{BBC36C81-8223-3C04-A94B-C596501A4E61}.Debug|x64.ActiveCfg = Debug|x64
		{BBC36C81-8223-3C04-A94B-C596501A4E61}.Release|x64.ActiveCfg = Release|x64
		{BBC36C81-8223-3C04-A94B-C596501A4E61}.MinSizeRel|x64.ActiveCfg = MinSizeRel|x64
		{BBC36C81-8223-3C04-A94B-C596501A4E61}.RelWithDebInfo|x64.ActiveCfg = RelWithDebInfo|x64
		{85E78C7C-A644-35F6-BEBA-EFC7D89C4736}.Debug|x64.ActiveCfg = Debug|x64
		{85E78C7C-A644-35F6-BEBA-EFC7D89C4736}.Debug|x64.Build.0 = Debug|x64
		{85E78C7C-A644-35F6-BEBA-EFC7D89C4736}.Release|x64.ActiveCfg = Release|x64
		{85E78C7C-A644-35F6-BEBA-EFC7D89C4736}.Release|x64.Build.0 = Release|x64
		{85E78C7C-A644-35F6-BEBA-EFC7D89C4736}.MinSizeRel|x64.ActiveCfg = MinSizeRel|x64
		{85E78C7C-A644-35F6-BEBA-EFC7D89C4736}.MinSizeRel|x64.Build.0 = MinSizeRel|x64
		{85E78C7C-A644-35F6-BEBA-EFC7D89C4736}.RelWithDebInfo|x64.ActiveCfg = RelWithDebInfo|x64
		{85E78C7C-A644-35F6-BEBA-EFC7D89C4736}.RelWithDebInfo|x64.Build.0 = RelWithDebInfo|x64
		{005DB794-C217-3303-8175-49C237248E09}.Debug|x64.ActiveCfg = Debug|x64
		{005DB794-C217-3303-8175-49C237248E09}.Debug|x64.Build.0 = Debug|x64
		{005DB794-C217-3303-8175-49C237248E09}.Release|x64.ActiveCfg = Release|x64
		{005DB794-C217-3303-8175-49C237248E09}.Release|x64.Build.0 = Release|x64
		{005DB794-C217-3303-8175-49C237248E09}.MinSizeRel|x64.ActiveCfg = MinSizeRel|x64
		{005DB794-C217-3303-8175-49C237248E09}.MinSizeRel|x64.Build.0 = MinSizeRel|x64
		{005DB794-C217-3303-8175-49C237248E09}.RelWithDebInfo|x64.ActiveCfg = RelWithDebInfo|x64
		{005DB794-C217-3303-8175-49C237248E09}.RelWithDebInfo|x64.Build.0 = RelWithDebInfo|x64
		{E15CCB7D-55E8-32F6-A7EB-2BFD7D264772}.Debug|x64.ActiveCfg = Debug|x64
		{E15CCB7D-55E8-32F6-A7EB-2BFD7D264772}.Debug|x64.Build.0 = Debug|x64
		{E15CCB7D-55E8-32F6-A7EB-2BFD7D264772}.Release|x64.ActiveCfg = Release|x64
		{E15CCB7D-55E8-32F6-A7EB-2BFD7D264772}.Release|x64.Build.0 = Release|x64
		{E15CCB7D-55E8-32F6-A7EB-2BFD7D264772}.MinSizeRel|x64.ActiveCfg = MinSizeRel|x64
		{E15CCB7D-55E8-32F6-A7EB-2BFD7D264772}.MinSizeRel|x64.Build.0 = MinSizeRel|x64
		{E15CCB7D-55E8-32F6-A7EB-2BFD7D264772}.RelWithDebInfo|x64.ActiveCfg = RelWithDebInfo|x64
		{E15CCB7D-55E8-32F6-A7EB-2BFD7D264772}.RelWithDebInfo|x64.Build.0 = RelWithDebInfo|x64
	EndGlobalSection
	GlobalSection(NestedProjects) = preSolution
		{CBA02BC1-D8E6-3CDF-9D46-1A14BDB7134C} = {B420FF54-7880-372F-B1A8-47ADD098A3F9}
		{FF87EA6A-5D11-39B7-B657-3A842E67C0DB} = {B420FF54-7880-372F-B1A8-47ADD098A3F9}
		{495880BA-A661-3835-A17C-066F3818200F} = {B420FF54-7880-372F-B1A8-47ADD098A3F9}
		{2975B459-6A74-3C88-B564-1D708B554CE2} = {F229495C-632A-3E1C-AE6D-2C95432BCEA0}
		{CCA4F305-AB46-3D76-88A1-8A00BF5397B0} = {F229495C-632A-3E1C-AE6D-2C95432BCEA0}
		{7874F6AB-2D21-3258-B9C7-3992AEFBBB37} = {F229495C-632A-3E1C-AE6D-2C95432BCEA0}
		{55FCDB65-B2AE-3048-B996-0BFC0B851310} = {F229495C-632A-3E1C-AE6D-2C95432BCEA0}
		{D9EEC321-D1F1-3171-941F-5E89671B8036} = {B455595C-8CE5-3701-9425-85F793D95CEB}
		{E682378A-5DCC-3196-B655-A63BB1898E0E} = {B455595C-8CE5-3701-9425-85F793D95CEB}
		{BBC36C81-8223-3C04-A94B-C596501A4E61} = {B455595C-8CE5-3701-9425-85F793D95CEB}
		{CBE47B39-9A1B-3DE3-9C60-05DAF170430D} = {9F36CBD3-B33C-3706-A849-0909FAC542DE}
		{85E78C7C-A644-35F6-BEBA-EFC7D89C4736} = {9F36CBD3-B33C-3706-A849-0909FAC542DE}
		{005DB794-C217-3303-8175-49C237248E09} = {9F36CBD3-B33C-3706-A849-0909FAC542DE}
		{D454F643-BB6F-39E5-ABF2-6A125182A750} = {27687627-D062-3AAD-AA41-239FED319154}
		{4B303281-C88B-3A32-BEC8-66271740CE2E} = {27687627-D062-3AAD-AA41-239FED319154}
		{D87E7628-55B3-3B77-8BAA-229806EA2919} = {493CF8A8-54AE-3743-A569-910600164192}
		{B6C59DDF-9CFD-3F2A-936E-50D669DA39CC} = {493CF8A8-54AE-3743-A569-910600164192}
		{90BE954B-DD49-3C08-86CD-E9ED172EE2CE} = {D0567514-5856-365D-A3C2-7BD76F94F80A}
		{B084AFA4-C096-3E12-94A7-4F48BBE3D876} = {0ECDA6B4-28D4-3341-8C77-CA4CCFAB5786}
		{36771F91-6CF7-32A0-9DF2-9292093866F4} = {0ECDA6B4-28D4-3341-8C77-CA4CCFAB5786}
		{F1E4FE2C-A9A4-3ABD-8442-66E2320591EA} = {0ECDA6B4-28D4-3341-8C77-CA4CCFAB5786}
		{4A877335-3D80-330F-8A84-DEB173AF615D} = {CF3EEE4D-01EA-3853-8785-D1580A1D2DDD}
		{A9946436-42DC-3373-A8F9-D38003E1A12C} = {04CBE0E4-E9AD-38F3-A0B0-15C5BD0BBCBD}
		{C4150E08-7897-335F-B28D-AAFEAFCB5C9C} = {04CBE0E4-E9AD-38F3-A0B0-15C5BD0BBCBD}
		{1E59FB8F-A035-32BD-826F-BFD03D0A8D9E} = {04CBE0E4-E9AD-38F3-A0B0-15C5BD0BBCBD}
	EndGlobalSection
	GlobalSection(ExtensibilityGlobals) = postSolution
		SolutionGuid = {1F700623-5C8C-366D-97CD-0E51B72D6D90}
	EndGlobalSection
	GlobalSection(ExtensibilityAddIns) = postSolution
	EndGlobalSection
EndGlobal
