<?xml version="1.0" encoding="utf-8"?>
<Project ToolsVersion="17.0" xmlns="http://schemas.microsoft.com/developer/msbuild/2003">
  <ItemGroup>
    <ClCompile Include="C:\Users\joshc\Projects\cpp\ovr-vr\extern\tfn\colormaps\colormap.cpp">
      <Filter>Source Files</Filter>
    </ClCompile>
    <ClCompile Include="C:\Users\joshc\Projects\cpp\ovr-vr\extern\tfn\colormaps\diverging\BrBG.cpp">
      <Filter>Source Files</Filter>
    </ClCompile>
    <ClCompile Include="C:\Users\joshc\Projects\cpp\ovr-vr\extern\tfn\colormaps\diverging\RdYlGn.cpp">
      <Filter>Source Files</Filter>
    </ClCompile>
    <ClCompile Include="C:\Users\joshc\Projects\cpp\ovr-vr\extern\tfn\colormaps\diverging\RdBu.cpp">
      <Filter>Source Files</Filter>
    </ClCompile>
    <ClCompile Include="C:\Users\joshc\Projects\cpp\ovr-vr\extern\tfn\colormaps\diverging\RdYlBu.cpp">
      <Filter>Source Files</Filter>
    </ClCompile>
    <ClCompile Include="C:\Users\joshc\Projects\cpp\ovr-vr\extern\tfn\colormaps\diverging\bwr.cpp">
      <Filter>Source Files</Filter>
    </ClCompile>
    <ClCompile Include="C:\Users\joshc\Projects\cpp\ovr-vr\extern\tfn\colormaps\diverging\Spectral.cpp">
      <Filter>Source Files</Filter>
    </ClCompile>
    <ClCompile Include="C:\Users\joshc\Projects\cpp\ovr-vr\extern\tfn\colormaps\diverging\RdGy.cpp">
      <Filter>Source Files</Filter>
    </ClCompile>
    <ClCompile Include="C:\Users\joshc\Projects\cpp\ovr-vr\extern\tfn\colormaps\diverging\seismic.cpp">
      <Filter>Source Files</Filter>
    </ClCompile>
    <ClCompile Include="C:\Users\joshc\Projects\cpp\ovr-vr\extern\tfn\colormaps\diverging\coolwarm.cpp">
      <Filter>Source Files</Filter>
    </ClCompile>
    <ClCompile Include="C:\Users\joshc\Projects\cpp\ovr-vr\extern\tfn\colormaps\diverging\PRGn.cpp">
      <Filter>Source Files</Filter>
    </ClCompile>
    <ClCompile Include="C:\Users\joshc\Projects\cpp\ovr-vr\extern\tfn\colormaps\diverging\PuOr.cpp">
      <Filter>Source Files</Filter>
    </ClCompile>
    <ClCompile Include="C:\Users\joshc\Projects\cpp\ovr-vr\extern\tfn\colormaps\diverging\PiYG.cpp">
      <Filter>Source Files</Filter>
    </ClCompile>
    <ClCompile Include="C:\Users\joshc\Projects\cpp\ovr-vr\extern\tfn\colormaps\perceptual\magma.cpp">
      <Filter>Source Files</Filter>
    </ClCompile>
    <ClCompile Include="C:\Users\joshc\Projects\cpp\ovr-vr\extern\tfn\colormaps\perceptual\inferno.cpp">
      <Filter>Source Files</Filter>
    </ClCompile>
    <ClCompile Include="C:\Users\joshc\Projects\cpp\ovr-vr\extern\tfn\colormaps\perceptual\viridis.cpp">
      <Filter>Source Files</Filter>
    </ClCompile>
    <ClCompile Include="C:\Users\joshc\Projects\cpp\ovr-vr\extern\tfn\colormaps\perceptual\plasma.cpp">
      <Filter>Source Files</Filter>
    </ClCompile>
    <ClCompile Include="C:\Users\joshc\Projects\cpp\ovr-vr\extern\tfn\colormaps\sequential\Purples.cpp">
      <Filter>Source Files</Filter>
    </ClCompile>
    <ClCompile Include="C:\Users\joshc\Projects\cpp\ovr-vr\extern\tfn\colormaps\sequential\PuBuGn.cpp">
      <Filter>Source Files</Filter>
    </ClCompile>
    <ClCompile Include="C:\Users\joshc\Projects\cpp\ovr-vr\extern\tfn\colormaps\sequential\Oranges.cpp">
      <Filter>Source Files</Filter>
    </ClCompile>
    <ClCompile Include="C:\Users\joshc\Projects\cpp\ovr-vr\extern\tfn\colormaps\sequential\Blues.cpp">
      <Filter>Source Files</Filter>
    </ClCompile>
    <ClCompile Include="C:\Users\joshc\Projects\cpp\ovr-vr\extern\tfn\colormaps\sequential\YlGn.cpp">
      <Filter>Source Files</Filter>
    </ClCompile>
    <ClCompile Include="C:\Users\joshc\Projects\cpp\ovr-vr\extern\tfn\colormaps\sequential\PuBu.cpp">
      <Filter>Source Files</Filter>
    </ClCompile>
    <ClCompile Include="C:\Users\joshc\Projects\cpp\ovr-vr\extern\tfn\colormaps\sequential\GnBu.cpp">
      <Filter>Source Files</Filter>
    </ClCompile>
    <ClCompile Include="C:\Users\joshc\Projects\cpp\ovr-vr\extern\tfn\colormaps\sequential\Greens.cpp">
      <Filter>Source Files</Filter>
    </ClCompile>
    <ClCompile Include="C:\Users\joshc\Projects\cpp\ovr-vr\extern\tfn\colormaps\sequential\PuRd.cpp">
      <Filter>Source Files</Filter>
    </ClCompile>
    <ClCompile Include="C:\Users\joshc\Projects\cpp\ovr-vr\extern\tfn\colormaps\sequential\BuPu.cpp">
      <Filter>Source Files</Filter>
    </ClCompile>
    <ClCompile Include="C:\Users\joshc\Projects\cpp\ovr-vr\extern\tfn\colormaps\sequential\Greys.cpp">
      <Filter>Source Files</Filter>
    </ClCompile>
    <ClCompile Include="C:\Users\joshc\Projects\cpp\ovr-vr\extern\tfn\colormaps\sequential\YlOrBr.cpp">
      <Filter>Source Files</Filter>
    </ClCompile>
    <ClCompile Include="C:\Users\joshc\Projects\cpp\ovr-vr\extern\tfn\colormaps\sequential\RdPu.cpp">
      <Filter>Source Files</Filter>
    </ClCompile>
    <ClCompile Include="C:\Users\joshc\Projects\cpp\ovr-vr\extern\tfn\colormaps\sequential\YlOrRd.cpp">
      <Filter>Source Files</Filter>
    </ClCompile>
    <ClCompile Include="C:\Users\joshc\Projects\cpp\ovr-vr\extern\tfn\colormaps\sequential\Reds.cpp">
      <Filter>Source Files</Filter>
    </ClCompile>
    <ClCompile Include="C:\Users\joshc\Projects\cpp\ovr-vr\extern\tfn\colormaps\sequential\YlGnBu.cpp">
      <Filter>Source Files</Filter>
    </ClCompile>
    <ClCompile Include="C:\Users\joshc\Projects\cpp\ovr-vr\extern\tfn\colormaps\sequential\BuGn.cpp">
      <Filter>Source Files</Filter>
    </ClCompile>
    <ClCompile Include="C:\Users\joshc\Projects\cpp\ovr-vr\extern\tfn\colormaps\sequential\OrRd.cpp">
      <Filter>Source Files</Filter>
    </ClCompile>
    <ClCompile Include="C:\Users\joshc\Projects\cpp\ovr-vr\extern\tfn\colormaps\sequential2\hot.cpp">
      <Filter>Source Files</Filter>
    </ClCompile>
    <ClCompile Include="C:\Users\joshc\Projects\cpp\ovr-vr\extern\tfn\colormaps\sequential2\Wistia.cpp">
      <Filter>Source Files</Filter>
    </ClCompile>
    <ClCompile Include="C:\Users\joshc\Projects\cpp\ovr-vr\extern\tfn\colormaps\sequential2\gist_gray.cpp">
      <Filter>Source Files</Filter>
    </ClCompile>
    <ClCompile Include="C:\Users\joshc\Projects\cpp\ovr-vr\extern\tfn\colormaps\sequential2\bone.cpp">
      <Filter>Source Files</Filter>
    </ClCompile>
    <ClCompile Include="C:\Users\joshc\Projects\cpp\ovr-vr\extern\tfn\colormaps\sequential2\winter.cpp">
      <Filter>Source Files</Filter>
    </ClCompile>
    <ClCompile Include="C:\Users\joshc\Projects\cpp\ovr-vr\extern\tfn\colormaps\sequential2\pink.cpp">
      <Filter>Source Files</Filter>
    </ClCompile>
    <ClCompile Include="C:\Users\joshc\Projects\cpp\ovr-vr\extern\tfn\colormaps\sequential2\binary.cpp">
      <Filter>Source Files</Filter>
    </ClCompile>
    <ClCompile Include="C:\Users\joshc\Projects\cpp\ovr-vr\extern\tfn\colormaps\sequential2\autumn.cpp">
      <Filter>Source Files</Filter>
    </ClCompile>
    <ClCompile Include="C:\Users\joshc\Projects\cpp\ovr-vr\extern\tfn\colormaps\sequential2\spring.cpp">
      <Filter>Source Files</Filter>
    </ClCompile>
    <ClCompile Include="C:\Users\joshc\Projects\cpp\ovr-vr\extern\tfn\colormaps\sequential2\gist_yarg.cpp">
      <Filter>Source Files</Filter>
    </ClCompile>
    <ClCompile Include="C:\Users\joshc\Projects\cpp\ovr-vr\extern\tfn\colormaps\sequential2\copper.cpp">
      <Filter>Source Files</Filter>
    </ClCompile>
    <ClCompile Include="C:\Users\joshc\Projects\cpp\ovr-vr\extern\tfn\colormaps\sequential2\gray.cpp">
      <Filter>Source Files</Filter>
    </ClCompile>
    <ClCompile Include="C:\Users\joshc\Projects\cpp\ovr-vr\extern\tfn\colormaps\sequential2\afmhot.cpp">
      <Filter>Source Files</Filter>
    </ClCompile>
    <ClCompile Include="C:\Users\joshc\Projects\cpp\ovr-vr\extern\tfn\colormaps\sequential2\cool.cpp">
      <Filter>Source Files</Filter>
    </ClCompile>
    <ClCompile Include="C:\Users\joshc\Projects\cpp\ovr-vr\extern\tfn\colormaps\sequential2\gist_heat.cpp">
      <Filter>Source Files</Filter>
    </ClCompile>
    <ClCompile Include="C:\Users\joshc\Projects\cpp\ovr-vr\extern\tfn\colormaps\sequential2\summer.cpp">
      <Filter>Source Files</Filter>
    </ClCompile>
  </ItemGroup>
  <ItemGroup>
    <ClInclude Include="C:\Users\joshc\Projects\cpp\ovr-vr\extern\tfn\colormaps\colormap.h">
      <Filter>Header Files</Filter>
    </ClInclude>
  </ItemGroup>
  <ItemGroup>
    <CustomBuild Include="C:\Users\joshc\Projects\cpp\ovr-vr\CMakeLists.txt" />
  </ItemGroup>
  <ItemGroup>
    <Filter Include="Header Files">
      <UniqueIdentifier>{F5234EF9-A1A4-3FCC-B003-480C59A7CFC9}</UniqueIdentifier>
    </Filter>
    <Filter Include="Source Files">
      <UniqueIdentifier>{E8963CA3-B053-3E77-9FBD-31D43276EB02}</UniqueIdentifier>
    </Filter>
  </ItemGroup>
</Project>
