<?xml version="1.0" encoding="utf-8"?>
<Project ToolsVersion="17.0" xmlns="http://schemas.microsoft.com/developer/msbuild/2003">
  <ItemGroup>
    <CustomBuild Include="C:\Users\joshc\Projects\cpp\ovr-vr\CMakeFiles\6c5ad0a938e55b2c0d9c528396d16665\INSTALL_force.rule">
      <Filter>CMake Rules</Filter>
    </CustomBuild>
  </ItemGroup>
  <ItemGroup>
    <Filter Include="CMake Rules">
      <UniqueIdentifier>{81C4C35B-DB8C-3083-83FA-9490E122A254}</UniqueIdentifier>
    </Filter>
  </ItemGroup>
</Project>
