<?xml version="1.0" encoding="utf-8"?>
<Project ToolsVersion="17.0" xmlns="http://schemas.microsoft.com/developer/msbuild/2003">
  <ItemGroup>
    <ClCompile Include="C:\Users\joshc\Projects\cpp\ovr-vr\ovr\serializer\serializer_json.cpp">
      <Filter>Source Files</Filter>
    </ClCompile>
    <ClCompile Include="C:\Users\joshc\Projects\cpp\ovr-vr\ovr\imageops\imageop.cpp">
      <Filter>Source Files</Filter>
    </ClCompile>
    <ClCompile Include="C:\Users\joshc\Projects\cpp\ovr-vr\ovr\imageops\optix7_denoiser.cpp">
      <Filter>Source Files</Filter>
    </ClCompile>
    <ClCompile Include="C:\Users\joshc\Projects\cpp\ovr-vr\ovr\renderer.cpp">
      <Filter>Source Files</Filter>
    </ClCompile>
  </ItemGroup>
  <ItemGroup>
    <ClInclude Include="C:\Users\joshc\Projects\cpp\ovr-vr\ovr\serializer\serializer.h">
      <Filter>Header Files</Filter>
    </ClInclude>
    <ClInclude Include="C:\Users\joshc\Projects\cpp\ovr-vr\ovr\renderer.h">
      <Filter>Header Files</Filter>
    </ClInclude>
  </ItemGroup>
  <ItemGroup>
    <CustomBuild Include="C:\Users\joshc\Projects\cpp\ovr-vr\ovr\CMakeLists.txt" />
  </ItemGroup>
  <ItemGroup>
    <Filter Include="Header Files">
      <UniqueIdentifier>{F5234EF9-A1A4-3FCC-B003-480C59A7CFC9}</UniqueIdentifier>
    </Filter>
    <Filter Include="Source Files">
      <UniqueIdentifier>{E8963CA3-B053-3E77-9FBD-31D43276EB02}</UniqueIdentifier>
    </Filter>
  </ItemGroup>
</Project>
